
Microsoft Visual Studio Solution File, Format Version 12.00
# Visual Studio Version 17
VisualStudioVersion = 17.10.35122.118
MinimumVisualStudioVersion = 10.0.40219.1
Project("{9A19103F-16F7-4668-BE54-9A1E7A4F7556}") = "Trivia.API", "Opentdb.TriviaAPI\Trivia.API.csproj", "{12344B12-34E4-4338-8E1E-F2A591213779}"
EndProject
Project("{9A19103F-16F7-4668-BE54-9A1E7A4F7556}") = "Questionnaire", "Questionaire\Questionnaire.csproj", "{57D867D4-065C-4335-ABEB-C8F7163652EA}"
EndProject
Global
	GlobalSection(SolutionConfigurationPlatforms) = preSolution
		Debug|Any CPU = Debug|Any CPU
		Release|Any CPU = Release|Any CPU
	EndGlobalSection
	GlobalSection(ProjectConfigurationPlatforms) = postSolution
		{12344B12-34E4-4338-8E1E-F2A591213779}.Debug|Any CPU.ActiveCfg = Debug|Any CPU
		{12344B12-34E4-4338-8E1E-F2A591213779}.Debug|Any CPU.Build.0 = Debug|Any CPU
		{12344B12-34E4-4338-8E1E-F2A591213779}.Release|Any CPU.ActiveCfg = Release|Any CPU
		{12344B12-34E4-4338-8E1E-F2A591213779}.Release|Any CPU.Build.0 = Release|Any CPU
		{57D867D4-065C-4335-ABEB-C8F7163652EA}.Debug|Any CPU.ActiveCfg = Debug|Any CPU
		{57D867D4-065C-4335-ABEB-C8F7163652EA}.Debug|Any CPU.Build.0 = Debug|Any CPU
		{57D867D4-065C-4335-ABEB-C8F7163652EA}.Release|Any CPU.ActiveCfg = Release|Any CPU
		{57D867D4-065C-4335-ABEB-C8F7163652EA}.Release|Any CPU.Build.0 = Release|Any CPU
	EndGlobalSection
	GlobalSection(SolutionProperties) = preSolution
		HideSolutionNode = FALSE
	EndGlobalSection
	GlobalSection(ExtensibilityGlobals) = postSolution
		SolutionGuid = {287B78F4-2778-4C6F-9EB3-29E0E021C75E}
	EndGlobalSection
EndGlobal
